
Microsoft Visual Studio Solution File, Format Version 12.00
# Visual Studio Version 16
VisualStudioVersion = 16.0.30406.217
MinimumVisualStudioVersion = 10.0.40219.1
Project("{FAE04EC0-301F-11D3-BF4B-00C04F79EFBC}") = "MyLibraryStore", "MyLibraryStore\MyLibraryStore.csproj", "{9B1CDFBA-75C5-42B2-A949-106C5A6CEA40}"
EndProject
Global
	GlobalSection(SolutionConfigurationPlatforms) = preSolution
		Debug|Any CPU = Debug|Any CPU
		Release|Any CPU = Release|Any CPU
	EndGlobalSection
	GlobalSection(ProjectConfigurationPlatforms) = postSolution
		{9B1CDFBA-75C5-42B2-A949-106C5A6CEA40}.Debug|Any CPU.ActiveCfg = Debug|Any CPU
		{9B1CDFBA-75C5-42B2-A949-106C5A6CEA40}.Debug|Any CPU.Build.0 = Debug|Any CPU
		{9B1CDFBA-75C5-42B2-A949-106C5A6CEA40}.Release|Any CPU.ActiveCfg = Release|Any CPU
		{9B1CDFBA-75C5-42B2-A949-106C5A6CEA40}.Release|Any CPU.Build.0 = Release|Any CPU
	EndGlobalSection
	GlobalSection(SolutionProperties) = preSolution
		HideSolutionNode = FALSE
	EndGlobalSection
	GlobalSection(ExtensibilityGlobals) = postSolution
		SolutionGuid = {7D683A7F-4978-480C-BCF1-31A10B99B6DA}
	EndGlobalSection
EndGlobal
